
Microsoft Visual Studio Solution File, Format Version 12.00
# Visual Studio Version 17
VisualStudioVersion = 17.14.36518.9 d17.14
MinimumVisualStudioVersion = 10.0.40219.1
Project("{FAE04EC0-301F-11D3-BF4B-00C04F79EFBC}") = "Passing Arrays by Value and by", "Passing Arrays by Value and by\Passing Arrays by Value and by.csproj", "{AD43798F-E6EB-439C-B8B6-47E27A51784C}"
EndProject
Global
	GlobalSection(SolutionConfigurationPlatforms) = preSolution
		Debug|Any CPU = Debug|Any CPU
		Release|Any CPU = Release|Any CPU
	EndGlobalSection
	GlobalSection(ProjectConfigurationPlatforms) = postSolution
		{AD43798F-E6EB-439C-B8B6-47E27A51784C}.Debug|Any CPU.ActiveCfg = Debug|Any CPU
		{AD43798F-E6EB-439C-B8B6-47E27A51784C}.Debug|Any CPU.Build.0 = Debug|Any CPU
		{AD43798F-E6EB-439C-B8B6-47E27A51784C}.Release|Any CPU.ActiveCfg = Release|Any CPU
		{AD43798F-E6EB-439C-B8B6-47E27A51784C}.Release|Any CPU.Build.0 = Release|Any CPU
	EndGlobalSection
	GlobalSection(SolutionProperties) = preSolution
		HideSolutionNode = FALSE
	EndGlobalSection
	GlobalSection(ExtensibilityGlobals) = postSolution
		SolutionGuid = {24DB8CA5-D735-46D6-A452-E451C137BEBA}
	EndGlobalSection
EndGlobal
