
Microsoft Visual Studio Solution File, Format Version 12.00
# Visual Studio Version 17
VisualStudioVersion = 17.7.34031.279
MinimumVisualStudioVersion = 10.0.40219.1
Project("{FAE04EC0-301F-11D3-BF4B-00C04F79EFBC}") = "StringConstructor", "StringConstructor\StringConstructor.csproj", "{66B1983E-52FF-4E85-929E-4E57C1AE577F}"
EndProject
Global
	GlobalSection(SolutionConfigurationPlatforms) = preSolution
		Debug|Any CPU = Debug|Any CPU
		Release|Any CPU = Release|Any CPU
	EndGlobalSection
	GlobalSection(ProjectConfigurationPlatforms) = postSolution
		{66B1983E-52FF-4E85-929E-4E57C1AE577F}.Debug|Any CPU.ActiveCfg = Debug|Any CPU
		{66B1983E-52FF-4E85-929E-4E57C1AE577F}.Debug|Any CPU.Build.0 = Debug|Any CPU
		{66B1983E-52FF-4E85-929E-4E57C1AE577F}.Release|Any CPU.ActiveCfg = Release|Any CPU
		{66B1983E-52FF-4E85-929E-4E57C1AE577F}.Release|Any CPU.Build.0 = Release|Any CPU
	EndGlobalSection
	GlobalSection(SolutionProperties) = preSolution
		HideSolutionNode = FALSE
	EndGlobalSection
	GlobalSection(ExtensibilityGlobals) = postSolution
		SolutionGuid = {62EA8C3B-892A-4AE5-BA7E-39C1832FC2BC}
	EndGlobalSection
EndGlobal
